
Microsoft Visual Studio Solution File, Format Version 12.00
# Visual Studio 15
VisualStudioVersion = 15.0.28307.902
MinimumVisualStudioVersion = 10.0.40219.1
Project("{FAE04EC0-301F-11D3-BF4B-00C04F79EFBC}") = "WebApplication9", "WebApplication9\WebApplication9.csproj", "{1B32C6BF-88CF-4556-99C3-454A2005F027}"
EndProject
Global
	GlobalSection(SolutionConfigurationPlatforms) = preSolution
		Debug|Any CPU = Debug|Any CPU
		Release|Any CPU = Release|Any CPU
	EndGlobalSection
	GlobalSection(ProjectConfigurationPlatforms) = postSolution
		{1B32C6BF-88CF-4556-99C3-454A2005F027}.Debug|Any CPU.ActiveCfg = Debug|Any CPU
		{1B32C6BF-88CF-4556-99C3-454A2005F027}.Debug|Any CPU.Build.0 = Debug|Any CPU
		{1B32C6BF-88CF-4556-99C3-454A2005F027}.Release|Any CPU.ActiveCfg = Release|Any CPU
		{1B32C6BF-88CF-4556-99C3-454A2005F027}.Release|Any CPU.Build.0 = Release|Any CPU
	EndGlobalSection
	GlobalSection(SolutionProperties) = preSolution
		HideSolutionNode = FALSE
	EndGlobalSection
	GlobalSection(ExtensibilityGlobals) = postSolution
		SolutionGuid = {9A50EB28-079B-45B3-A6A0-49A0E8099B02}
	EndGlobalSection
EndGlobal
